<Solution>
  <Project Path="Gu5.Framework.Core/Gu5.Framework.Core.csproj" Id="26d89129-2812-4577-aaa1-85b00c706bba" />
  <Project Path="Gu5.Framework.Device.Focas.Abstractions/Gu5.Framework.Device.Focas.Abstractions.csproj" Id="145f1f8c-3986-49f8-83f5-a6326eca4aa2" />
  <Project Path="Gu5.Framework.Device.Focas/Gu5.Framework.Device.Focas.csproj" Id="148f6db8-b1dc-4125-8f7d-961582e79694" />
  <Project Path="Gu5.Net.Core/Gu5.Net.Core.csproj" Id="c50c99e6-b50f-48c6-b77a-12567f5801c7" />
  <Project Path="Gu5.Net.Winforms.Example/Gu5.Net.Winforms.Example.csproj" Id="c7cfaf4e-bf86-414d-bdbe-8fd414e19f65" />
  <Project Path="Gu5.Net.Winforms.UI/Gu5.Net.Winforms.UI.csproj" Id="ff2168f5-de3a-4bce-b525-b02f482e7707" />
</Solution>
